
Microsoft Visual Studio Solution File, Format Version 12.00
# Visual Studio Version 16
VisualStudioVersion = 16.0.31702.278
MinimumVisualStudioVersion = 10.0.40219.1
Project("{FAE04EC0-301F-11D3-BF4B-00C04F79EFBC}") = "ClassMyArray", "ClassMyArray\ClassMyArray.csproj", "{C734CF38-13EA-4977-A258-7A76E91E3D28}"
EndProject
Project("{FAE04EC0-301F-11D3-BF4B-00C04F79EFBC}") = "ClassMyMatrix", "ClassMyMatrix\ClassMyMatrix.csproj", "{A9011A1C-6AFA-41C7-BDAE-6BFBA1088467}"
EndProject
Project("{FAE04EC0-301F-11D3-BF4B-00C04F79EFBC}") = "MyArticle", "MyArticle\MyArticle.csproj", "{9CCC7808-E9F8-4C15-845B-E308CEE17125}"
EndProject
Project("{FAE04EC0-301F-11D3-BF4B-00C04F79EFBC}") = "MyDictionary", "MyDictionary\MyDictionary.csproj", "{65357731-BC6C-4648-A04E-0FB99B4693D4}"
EndProject
Global
	GlobalSection(SolutionConfigurationPlatforms) = preSolution
		Debug|Any CPU = Debug|Any CPU
		Release|Any CPU = Release|Any CPU
	EndGlobalSection
	GlobalSection(ProjectConfigurationPlatforms) = postSolution
		{C734CF38-13EA-4977-A258-7A76E91E3D28}.Debug|Any CPU.ActiveCfg = Debug|Any CPU
		{C734CF38-13EA-4977-A258-7A76E91E3D28}.Debug|Any CPU.Build.0 = Debug|Any CPU
		{C734CF38-13EA-4977-A258-7A76E91E3D28}.Release|Any CPU.ActiveCfg = Release|Any CPU
		{C734CF38-13EA-4977-A258-7A76E91E3D28}.Release|Any CPU.Build.0 = Release|Any CPU
		{A9011A1C-6AFA-41C7-BDAE-6BFBA1088467}.Debug|Any CPU.ActiveCfg = Debug|Any CPU
		{A9011A1C-6AFA-41C7-BDAE-6BFBA1088467}.Debug|Any CPU.Build.0 = Debug|Any CPU
		{A9011A1C-6AFA-41C7-BDAE-6BFBA1088467}.Release|Any CPU.ActiveCfg = Release|Any CPU
		{A9011A1C-6AFA-41C7-BDAE-6BFBA1088467}.Release|Any CPU.Build.0 = Release|Any CPU
		{9CCC7808-E9F8-4C15-845B-E308CEE17125}.Debug|Any CPU.ActiveCfg = Debug|Any CPU
		{9CCC7808-E9F8-4C15-845B-E308CEE17125}.Debug|Any CPU.Build.0 = Debug|Any CPU
		{9CCC7808-E9F8-4C15-845B-E308CEE17125}.Release|Any CPU.ActiveCfg = Release|Any CPU
		{9CCC7808-E9F8-4C15-845B-E308CEE17125}.Release|Any CPU.Build.0 = Release|Any CPU
		{65357731-BC6C-4648-A04E-0FB99B4693D4}.Debug|Any CPU.ActiveCfg = Debug|Any CPU
		{65357731-BC6C-4648-A04E-0FB99B4693D4}.Debug|Any CPU.Build.0 = Debug|Any CPU
		{65357731-BC6C-4648-A04E-0FB99B4693D4}.Release|Any CPU.ActiveCfg = Release|Any CPU
		{65357731-BC6C-4648-A04E-0FB99B4693D4}.Release|Any CPU.Build.0 = Release|Any CPU
	EndGlobalSection
	GlobalSection(SolutionProperties) = preSolution
		HideSolutionNode = FALSE
	EndGlobalSection
	GlobalSection(ExtensibilityGlobals) = postSolution
		SolutionGuid = {ABF5C715-98C2-467D-8A9A-F09C1204AB01}
	EndGlobalSection
EndGlobal
